<?xml version="1.0" encoding="utf-8"?>
<Project ToolsVersion="4.0" xmlns="http://schemas.microsoft.com/developer/msbuild/2003">
  <ItemGroup>
    <Filter Include="Source Files">
      <UniqueIdentifier>{4FC737F1-C7A5-4376-A066-2A32D752A2FF}</UniqueIdentifier>
      <Extensions>cpp;c;cc;cxx;c++;cppm;ixx;def;odl;idl;hpj;bat;asm;asmx</Extensions>
    </Filter>
    <Filter Include="Header Files">
      <UniqueIdentifier>{93995380-89BD-4b04-88EB-625FBE52EBFB}</UniqueIdentifier>
      <Extensions>h;hh;hpp;hxx;h++;hm;inl;inc;ipp;xsd</Extensions>
    </Filter>
    <Filter Include="Resource Files">
      <UniqueIdentifier>{67DA6AB6-F800-4c08-8B7A-83BB121AAD01}</UniqueIdentifier>
      <Extensions>rc;ico;cur;bmp;dlg;rc2;rct;bin;rgs;gif;jpg;jpeg;jpe;resx;tiff;tif;png;wav;mfcribbon-ms</Extensions>
    </Filter>
  </ItemGroup>
  <ItemGroup>
    <ClInclude Include="include\PWMath\PWMath.h">
      <Filter>Header Files</Filter>
    </ClInclude>
    <ClInclude Include="include\PWMath\Matrix.h">
      <Filter>Header Files</Filter>
    </ClInclude>
    <ClInclude Include="include\PWMath\Packing.h">
      <Filter>Header Files</Filter>
    </ClInclude>
    <ClInclude Include="include\PWMath\Macros.h">
      <Filter>Header Files</Filter>
    </ClInclude>
    <ClInclude Include="include\PWMath\Vector2.h">
      <Filter>Header Files</Filter>
    </ClInclude>
    <ClInclude Include="include\PWMath\Vector3.h">
      <Filter>Header Files</Filter>
    </ClInclude>
    <ClInclude Include="include\PWMath\Vector4.h">
      <Filter>Header Files</Filter>
    </ClInclude>
    <ClInclude Include="include\PWMath\Vector.h">
      <Filter>Header Files</Filter>
    </ClInclude>
    <ClInclude Include="include\PWMath\Matrix4x4.h">
      <Filter>Header Files</Filter>
    </ClInclude>
    <ClInclude Include="include\PWMath\Matrix3x3.h">
      <Filter>Header Files</Filter>
    </ClInclude>
    <ClInclude Include="include\PWMath\Matrix2x2.h">
      <Filter>Header Files</Filter>
    </ClInclude>
    <ClInclude Include="include\PWMath\Vector4Fast.h">
      <Filter>Header Files</Filter>
    </ClInclude>
    <ClInclude Include="include\PWMath\Transform.h">
      <Filter>Header Files</Filter>
    </ClInclude>
    <ClInclude Include="include\PWMath\Impl\Transform.inl">
      <Filter>Header Files</Filter>
    </ClInclude>
    <ClInclude Include="include\PWMath\Projection.h">
      <Filter>Header Files</Filter>
    </ClInclude>
    <ClInclude Include="include\PWMath\Impl\Projection.inl">
      <Filter>Header Files</Filter>
    </ClInclude>
  </ItemGroup>
  <ItemGroup>
    <None Include="include\PWMath\Impl\Vector2.inl">
      <Filter>Header Files</Filter>
    </None>
    <None Include="include\PWMath\Impl\Vector3.inl">
      <Filter>Header Files</Filter>
    </None>
    <None Include="include\PWMath\Impl\Matrix4x4.inl">
      <Filter>Header Files</Filter>
    </None>
    <None Include="include\PWMath\Impl\Vector4.inl">
      <Filter>Header Files</Filter>
    </None>
    <None Include="include\PWMath\Impl\Matrix3x3.inl">
      <Filter>Header Files</Filter>
    </None>
    <None Include="include\PWMath\Impl\Matrix2x2.inl">
      <Filter>Header Files</Filter>
    </None>
    <None Include="include\PWMath\Impl\Vector4Fast.inl">
      <Filter>Header Files</Filter>
    </None>
  </ItemGroup>
</Project>